
Microsoft Visual Studio Solution File, Format Version 12.00
# Visual Studio 15
VisualStudioVersion = 15.0.28010.2016
MinimumVisualStudioVersion = 10.0.40219.1
Project("{FAE04EC0-301F-11D3-BF4B-00C04F79EFBC}") = "Personal", "Personal\Personal.csproj", "{B13BDD84-C210-41A3-9A85-4282978FAE39}"
EndProject
Global
	GlobalSection(SolutionConfigurationPlatforms) = preSolution
		Debug|Any CPU = Debug|Any CPU
		Release|Any CPU = Release|Any CPU
	EndGlobalSection
	GlobalSection(ProjectConfigurationPlatforms) = postSolution
		{B13BDD84-C210-41A3-9A85-4282978FAE39}.Debug|Any CPU.ActiveCfg = Debug|Any CPU
		{B13BDD84-C210-41A3-9A85-4282978FAE39}.Debug|Any CPU.Build.0 = Debug|Any CPU
		{B13BDD84-C210-41A3-9A85-4282978FAE39}.Release|Any CPU.ActiveCfg = Release|Any CPU
		{B13BDD84-C210-41A3-9A85-4282978FAE39}.Release|Any CPU.Build.0 = Release|Any CPU
	EndGlobalSection
	GlobalSection(SolutionProperties) = preSolution
		HideSolutionNode = FALSE
	EndGlobalSection
	GlobalSection(ExtensibilityGlobals) = postSolution
		SolutionGuid = {C5BC0A90-9EBD-4755-906C-4BC643EA3C7E}
	EndGlobalSection
EndGlobal
